
Microsoft Visual Studio Solution File, Format Version 12.00
# Visual Studio Version 17
VisualStudioVersion = 17.7.34202.233
MinimumVisualStudioVersion = 10.0.40219.1
Project("{9A19103F-16F7-4668-BE54-9A1E7A4F7556}") = "PrimeiraApi", "PrimeiraApi.csproj", "{7CCE3D11-E72E-42D1-BF41-2EE002E43316}"
EndProject
Global
	GlobalSection(SolutionConfigurationPlatforms) = preSolution
		Debug|Any CPU = Debug|Any CPU
		Release|Any CPU = Release|Any CPU
	EndGlobalSection
	GlobalSection(ProjectConfigurationPlatforms) = postSolution
		{7CCE3D11-E72E-42D1-BF41-2EE002E43316}.Debug|Any CPU.ActiveCfg = Debug|Any CPU
		{7CCE3D11-E72E-42D1-BF41-2EE002E43316}.Debug|Any CPU.Build.0 = Debug|Any CPU
		{7CCE3D11-E72E-42D1-BF41-2EE002E43316}.Release|Any CPU.ActiveCfg = Release|Any CPU
		{7CCE3D11-E72E-42D1-BF41-2EE002E43316}.Release|Any CPU.Build.0 = Release|Any CPU
	EndGlobalSection
	GlobalSection(SolutionProperties) = preSolution
		HideSolutionNode = FALSE
	EndGlobalSection
	GlobalSection(ExtensibilityGlobals) = postSolution
		SolutionGuid = {2FC4AFC9-44AD-4E04-8DB0-5E692FED7919}
	EndGlobalSection
EndGlobal
