
Microsoft Visual Studio Solution File, Format Version 12.00
# Visual Studio Version 17
VisualStudioVersion = 17.7.34202.233
MinimumVisualStudioVersion = 10.0.40219.1
Project("{9A19103F-16F7-4668-BE54-9A1E7A4F7556}") = "ApiRestDeFato", "ApiRestDeFato.csproj", "{871F288B-C1F5-4C25-99D1-7FD0EEDAB912}"
EndProject
Global
	GlobalSection(SolutionConfigurationPlatforms) = preSolution
		Debug|Any CPU = Debug|Any CPU
		Release|Any CPU = Release|Any CPU
	EndGlobalSection
	GlobalSection(ProjectConfigurationPlatforms) = postSolution
		{871F288B-C1F5-4C25-99D1-7FD0EEDAB912}.Debug|Any CPU.ActiveCfg = Debug|Any CPU
		{871F288B-C1F5-4C25-99D1-7FD0EEDAB912}.Debug|Any CPU.Build.0 = Debug|Any CPU
		{871F288B-C1F5-4C25-99D1-7FD0EEDAB912}.Release|Any CPU.ActiveCfg = Release|Any CPU
		{871F288B-C1F5-4C25-99D1-7FD0EEDAB912}.Release|Any CPU.Build.0 = Release|Any CPU
	EndGlobalSection
	GlobalSection(SolutionProperties) = preSolution
		HideSolutionNode = FALSE
	EndGlobalSection
	GlobalSection(ExtensibilityGlobals) = postSolution
		SolutionGuid = {5C95F1B1-3EF7-4C38-9984-4DAFA6CD7414}
	EndGlobalSection
EndGlobal
